
Microsoft Visual Studio Solution File, Format Version 12.00
# Visual Studio Version 17
VisualStudioVersion = 17.2.32616.157
MinimumVisualStudioVersion = 10.0.40219.1
Project("{FAE04EC0-301F-11D3-BF4B-00C04F79EFBC}") = "moduloOlaMundo", "moduloOlaMundo.csproj", "{13443819-A370-4AA1-892E-9B4A9514EAF5}"
EndProject
Global
	GlobalSection(SolutionConfigurationPlatforms) = preSolution
		Debug|Any CPU = Debug|Any CPU
		Release|Any CPU = Release|Any CPU
	EndGlobalSection
	GlobalSection(ProjectConfigurationPlatforms) = postSolution
		{13443819-A370-4AA1-892E-9B4A9514EAF5}.Debug|Any CPU.ActiveCfg = Debug|Any CPU
		{13443819-A370-4AA1-892E-9B4A9514EAF5}.Debug|Any CPU.Build.0 = Debug|Any CPU
		{13443819-A370-4AA1-892E-9B4A9514EAF5}.Release|Any CPU.ActiveCfg = Release|Any CPU
		{13443819-A370-4AA1-892E-9B4A9514EAF5}.Release|Any CPU.Build.0 = Release|Any CPU
	EndGlobalSection
	GlobalSection(SolutionProperties) = preSolution
		HideSolutionNode = FALSE
	EndGlobalSection
	GlobalSection(ExtensibilityGlobals) = postSolution
		SolutionGuid = {04862450-3403-491E-B84D-9A785FA87575}
	EndGlobalSection
EndGlobal
