
Microsoft Visual Studio Solution File, Format Version 12.00
# Visual Studio Version 17
VisualStudioVersion = 17.3.32901.215
MinimumVisualStudioVersion = 10.0.40219.1
Project("{FAE04EC0-301F-11D3-BF4B-00C04F79EFBC}") = "moduloOperacoesBasicas", "moduloOperacoesBasicas\moduloOperacoesBasicas.csproj", "{1669D056-4CD5-46F7-BD05-63F6AD5816EE}"
EndProject
Global
	GlobalSection(SolutionConfigurationPlatforms) = preSolution
		Debug|Any CPU = Debug|Any CPU
		Release|Any CPU = Release|Any CPU
	EndGlobalSection
	GlobalSection(ProjectConfigurationPlatforms) = postSolution
		{1669D056-4CD5-46F7-BD05-63F6AD5816EE}.Debug|Any CPU.ActiveCfg = Debug|Any CPU
		{1669D056-4CD5-46F7-BD05-63F6AD5816EE}.Debug|Any CPU.Build.0 = Debug|Any CPU
		{1669D056-4CD5-46F7-BD05-63F6AD5816EE}.Release|Any CPU.ActiveCfg = Release|Any CPU
		{1669D056-4CD5-46F7-BD05-63F6AD5816EE}.Release|Any CPU.Build.0 = Release|Any CPU
	EndGlobalSection
	GlobalSection(SolutionProperties) = preSolution
		HideSolutionNode = FALSE
	EndGlobalSection
	GlobalSection(ExtensibilityGlobals) = postSolution
		SolutionGuid = {23C50DF1-40B8-4246-87E9-946C8929D583}
	EndGlobalSection
EndGlobal
